{
  "name": "@stroeer/tapir-buf-v1",
  "version": "0.53.0",
  "lockfileVersion": 3,
  "requires": true,
  "packages": {
    "": {
      "name": "@stroeer/tapir-buf-v1",
      "version": "0.53.0",
      "license": "MIT",
      "devDependencies": {
        "@bufbuild/protobuf": "2.2.3"
      },
      "engines": {
        "node": ">=18"
      },
      "peerDependencies": {
        "@bufbuild/protobuf": "^2.2.0"
      }
    },
    "node_modules/@bufbuild/protobuf": {
      "version": "2.2.3",
      "resolved": "https://registry.npmjs.org/@bufbuild/protobuf/-/protobuf-2.2.3.tgz",
      "integrity": "sha512-tFQoXHJdkEOSwj5tRIZSPNUuXK3RaR7T1nUrPgbYX1pUbvqqaaZAsfo+NXBPsz5rZMSKVFrgK1WL8Q/MSLvprg==",
      "dev": true,
      "license": "(Apache-2.0 AND BSD-3-Clause)"
    }
  }
}
