{
  "name": "@stroeer/tapir-buf-v1",
  "version": "0.53.0",
  "lockfileVersion": 3,
  "requires": true,
  "packages": {
    "": {
      "name": "@stroeer/tapir-buf-v1",
      "version": "0.53.0",
      "license": "MIT",
      "devDependencies": {
        "@bufbuild/protobuf": "2.2.5"
      },
      "engines": {
        "node": ">=18"
      },
      "peerDependencies": {
        "@bufbuild/protobuf": "^2.2.0"
      }
    },
    "node_modules/@bufbuild/protobuf": {
      "version": "2.2.5",
      "resolved": "https://registry.npmjs.org/@bufbuild/protobuf/-/protobuf-2.2.5.tgz",
      "integrity": "sha512-/g5EzJifw5GF8aren8wZ/G5oMuPoGeS6MQD3ca8ddcvdXR5UELUfdTZITCGNhNXynY/AYl3Z4plmxdj/tRl/hQ==",
      "dev": true,
      "license": "(Apache-2.0 AND BSD-3-Clause)"
    }
  }
}
